
Microsoft Visual Studio Solution File, Format Version 12.00
# Visual Studio 15
VisualStudioVersion = 15.0.26730.16
MinimumVisualStudioVersion = 10.0.40219.1
Project("{FAE04EC0-301F-11D3-BF4B-00C04F79EFBC}") = "Banco", "Banco\Banco.csproj", "{5B0EA5D6-FC5E-4A6C-9D49-BEC6C49584BE}"
EndProject
Global
	GlobalSection(SolutionConfigurationPlatforms) = preSolution
		Debug|Any CPU = Debug|Any CPU
		Release|Any CPU = Release|Any CPU
	EndGlobalSection
	GlobalSection(ProjectConfigurationPlatforms) = postSolution
		{5B0EA5D6-FC5E-4A6C-9D49-BEC6C49584BE}.Debug|Any CPU.ActiveCfg = Debug|Any CPU
		{5B0EA5D6-FC5E-4A6C-9D49-BEC6C49584BE}.Debug|Any CPU.Build.0 = Debug|Any CPU
		{5B0EA5D6-FC5E-4A6C-9D49-BEC6C49584BE}.Release|Any CPU.ActiveCfg = Release|Any CPU
		{5B0EA5D6-FC5E-4A6C-9D49-BEC6C49584BE}.Release|Any CPU.Build.0 = Release|Any CPU
	EndGlobalSection
	GlobalSection(SolutionProperties) = preSolution
		HideSolutionNode = FALSE
	EndGlobalSection
	GlobalSection(ExtensibilityGlobals) = postSolution
		SolutionGuid = {9EBE82D2-DD3B-404E-8BAA-762B5B798AB4}
	EndGlobalSection
EndGlobal
